Microsoft Visual Studio Solution File, Format Version 12.00
# Visual Studio Version 17
VisualStudioVersion = 17.5.2.0
MinimumVisualStudioVersion = 10.0.40219.1
Project("{FAE04EC0-301F-11D3-BF4B-00C04F79EFBC}") = "Avionic-Lighting-System", "Avionic-Lighting-System\Avionic-Lighting-System.csproj", "{A297409E-A7F6-34AD-CDB5-7A304AA941D3}"
EndProject
Global
	GlobalSection(SolutionConfigurationPlatforms) = preSolution
		Debug|Any CPU = Debug|Any CPU
		Release|Any CPU = Release|Any CPU
	EndGlobalSection
	GlobalSection(ProjectConfigurationPlatforms) = postSolution
		{A297409E-A7F6-34AD-CDB5-7A304AA941D3}.Debug|Any CPU.ActiveCfg = Debug|Any CPU
		{A297409E-A7F6-34AD-CDB5-7A304AA941D3}.Debug|Any CPU.Build.0 = Debug|Any CPU
		{A297409E-A7F6-34AD-CDB5-7A304AA941D3}.Release|Any CPU.ActiveCfg = Release|Any CPU
		{A297409E-A7F6-34AD-CDB5-7A304AA941D3}.Release|Any CPU.Build.0 = Release|Any CPU
	EndGlobalSection
	GlobalSection(SolutionProperties) = preSolution
		HideSolutionNode = FALSE
	EndGlobalSection
	GlobalSection(ExtensibilityGlobals) = postSolution
		SolutionGuid = {FD4E0061-0FD5-4D52-9175-588211111719}
	EndGlobalSection
EndGlobal
